
Microsoft Visual Studio Solution File, Format Version 12.00
# Visual Studio Version 17
VisualStudioVersion = 17.0.31903.59
MinimumVisualStudioVersion = 10.0.40219.1
Project("{2150E333-8FDC-42A3-9474-1A3956D46DE8}") = "src", "src", "{D9478028-8155-485C-8480-A5601366A718}"
EndProject
Project("{2150E333-8FDC-42A3-9474-1A3956D46DE8}") = "tests", "tests", "{0CF6FEE8-231E-4373-B710-A42662194923}"
EndProject
Project("{9A19103F-16F7-4668-BE54-9A1E7A4F7556}") = "MdEmail", "src\MdEmail\MdEmail.csproj", "{9D5CE463-0DD0-42A3-963B-AA23E51B061B}"
EndProject
Project("{9A19103F-16F7-4668-BE54-9A1E7A4F7556}") = "MdEmail.Contracts", "src\MdEmail.Contracts\MdEmail.Contracts.csproj", "{8FB53517-6F13-41AA-8924-E27CE74C6FD1}"
EndProject
Project("{9A19103F-16F7-4668-BE54-9A1E7A4F7556}") = "MdEmail.Tests.Integration", "tests\MdEmail.Tests.Integration\MdEmail.Tests.Integration.csproj", "{E4C68D5A-C858-44AF-AB7E-DD340C161660}"
EndProject
Project("{9A19103F-16F7-4668-BE54-9A1E7A4F7556}") = "MdEmail.Templates", "src\MdEmail.Templates\MdEmail.Templates.csproj", "{EA6D3936-E67B-4B88-A91E-25B077AA557D}"
EndProject
Project("{9A19103F-16F7-4668-BE54-9A1E7A4F7556}") = "MdEmail.Templates.Contracts", "src\MdEmail.Templates.Contracts\MdEmail.Templates.Contracts.csproj", "{58B7D3DE-A7BC-469B-9CE2-F86444F99523}"
EndProject
Project("{9A19103F-16F7-4668-BE54-9A1E7A4F7556}") = "MdEmail.Templates.Data.Postgres", "src\MdEmail.Templates.Data.Postgres\MdEmail.Templates.Data.Postgres.csproj", "{5A9B1E5C-D8EA-4A7A-A69B-2C4D61701909}"
EndProject
Project("{9A19103F-16F7-4668-BE54-9A1E7A4F7556}") = "MdEmail.Templates.Rendering.Razor", "src\MdEmail.Templates.Rendering.Razor\MdEmail.Templates.Rendering.Razor.csproj", "{DA05F608-CCC1-4901-A077-85C04B872E78}"
EndProject
Project("{2150E333-8FDC-42A3-9474-1A3956D46DE8}") = "samples", "samples", "{A46E7DCF-7FEA-4A55-8873-7360F2B5BA71}"
EndProject
Project("{9A19103F-16F7-4668-BE54-9A1E7A4F7556}") = "TemplateSample", "samples\TemplateSample\TemplateSample.csproj", "{B510919D-5309-42ED-9C5D-21677A5D772F}"
EndProject
Project("{9A19103F-16F7-4668-BE54-9A1E7A4F7556}") = "MdEmail.Templates.Data.Sqlite", "src\MdEmail.Templates.Data.Sqlite\MdEmail.Templates.Data.Sqlite.csproj", "{2FF91716-906F-46A3-8384-AA8473F37917}"
EndProject
Project("{9A19103F-16F7-4668-BE54-9A1E7A4F7556}") = "MdEmail.Templates.Data.Sqlite.Tests.Integration", "tests\MdEmail.Templates.Data.Sqlite.Tests.Integration\MdEmail.Templates.Data.Sqlite.Tests.Integration.csproj", "{E52D7A6D-6BE2-42B0-8ECF-CDA2EDB4E506}"
EndProject
Project("{9A19103F-16F7-4668-BE54-9A1E7A4F7556}") = "MdEmail.Templates.Data.Postgres.Tests.Integration", "tests\MdEmail.Templates.Data.Postgres.Tests.Integration\MdEmail.Templates.Data.Postgres.Tests.Integration.csproj", "{69926582-1F7A-47D4-874F-D91902D19017}"
EndProject
Global
	GlobalSection(SolutionConfigurationPlatforms) = preSolution
		Debug|Any CPU = Debug|Any CPU
		Release|Any CPU = Release|Any CPU
	EndGlobalSection
	GlobalSection(ProjectConfigurationPlatforms) = postSolution
		{9D5CE463-0DD0-42A3-963B-AA23E51B061B}.Debug|Any CPU.ActiveCfg = Debug|Any CPU
		{9D5CE463-0DD0-42A3-963B-AA23E51B061B}.Debug|Any CPU.Build.0 = Debug|Any CPU
		{9D5CE463-0DD0-42A3-963B-AA23E51B061B}.Release|Any CPU.ActiveCfg = Release|Any CPU
		{9D5CE463-0DD0-42A3-963B-AA23E51B061B}.Release|Any CPU.Build.0 = Release|Any CPU
		{8FB53517-6F13-41AA-8924-E27CE74C6FD1}.Debug|Any CPU.ActiveCfg = Debug|Any CPU
		{8FB53517-6F13-41AA-8924-E27CE74C6FD1}.Debug|Any CPU.Build.0 = Debug|Any CPU
		{8FB53517-6F13-41AA-8924-E27CE74C6FD1}.Release|Any CPU.ActiveCfg = Release|Any CPU
		{8FB53517-6F13-41AA-8924-E27CE74C6FD1}.Release|Any CPU.Build.0 = Release|Any CPU
		{E4C68D5A-C858-44AF-AB7E-DD340C161660}.Debug|Any CPU.ActiveCfg = Debug|Any CPU
		{E4C68D5A-C858-44AF-AB7E-DD340C161660}.Debug|Any CPU.Build.0 = Debug|Any CPU
		{E4C68D5A-C858-44AF-AB7E-DD340C161660}.Release|Any CPU.ActiveCfg = Release|Any CPU
		{E4C68D5A-C858-44AF-AB7E-DD340C161660}.Release|Any CPU.Build.0 = Release|Any CPU
		{EA6D3936-E67B-4B88-A91E-25B077AA557D}.Debug|Any CPU.ActiveCfg = Debug|Any CPU
		{EA6D3936-E67B-4B88-A91E-25B077AA557D}.Debug|Any CPU.Build.0 = Debug|Any CPU
		{EA6D3936-E67B-4B88-A91E-25B077AA557D}.Release|Any CPU.ActiveCfg = Release|Any CPU
		{EA6D3936-E67B-4B88-A91E-25B077AA557D}.Release|Any CPU.Build.0 = Release|Any CPU
		{58B7D3DE-A7BC-469B-9CE2-F86444F99523}.Debug|Any CPU.ActiveCfg = Debug|Any CPU
		{58B7D3DE-A7BC-469B-9CE2-F86444F99523}.Debug|Any CPU.Build.0 = Debug|Any CPU
		{58B7D3DE-A7BC-469B-9CE2-F86444F99523}.Release|Any CPU.ActiveCfg = Release|Any CPU
		{58B7D3DE-A7BC-469B-9CE2-F86444F99523}.Release|Any CPU.Build.0 = Release|Any CPU
		{5A9B1E5C-D8EA-4A7A-A69B-2C4D61701909}.Debug|Any CPU.ActiveCfg = Debug|Any CPU
		{5A9B1E5C-D8EA-4A7A-A69B-2C4D61701909}.Debug|Any CPU.Build.0 = Debug|Any CPU
		{5A9B1E5C-D8EA-4A7A-A69B-2C4D61701909}.Release|Any CPU.ActiveCfg = Release|Any CPU
		{5A9B1E5C-D8EA-4A7A-A69B-2C4D61701909}.Release|Any CPU.Build.0 = Release|Any CPU
		{DA05F608-CCC1-4901-A077-85C04B872E78}.Debug|Any CPU.ActiveCfg = Debug|Any CPU
		{DA05F608-CCC1-4901-A077-85C04B872E78}.Debug|Any CPU.Build.0 = Debug|Any CPU
		{DA05F608-CCC1-4901-A077-85C04B872E78}.Release|Any CPU.ActiveCfg = Release|Any CPU
		{DA05F608-CCC1-4901-A077-85C04B872E78}.Release|Any CPU.Build.0 = Release|Any CPU
		{B510919D-5309-42ED-9C5D-21677A5D772F}.Debug|Any CPU.ActiveCfg = Debug|Any CPU
		{B510919D-5309-42ED-9C5D-21677A5D772F}.Debug|Any CPU.Build.0 = Debug|Any CPU
		{B510919D-5309-42ED-9C5D-21677A5D772F}.Release|Any CPU.ActiveCfg = Release|Any CPU
		{B510919D-5309-42ED-9C5D-21677A5D772F}.Release|Any CPU.Build.0 = Release|Any CPU
		{2FF91716-906F-46A3-8384-AA8473F37917}.Debug|Any CPU.ActiveCfg = Debug|Any CPU
		{2FF91716-906F-46A3-8384-AA8473F37917}.Debug|Any CPU.Build.0 = Debug|Any CPU
		{2FF91716-906F-46A3-8384-AA8473F37917}.Release|Any CPU.ActiveCfg = Release|Any CPU
		{2FF91716-906F-46A3-8384-AA8473F37917}.Release|Any CPU.Build.0 = Release|Any CPU
		{E52D7A6D-6BE2-42B0-8ECF-CDA2EDB4E506}.Debug|Any CPU.ActiveCfg = Debug|Any CPU
		{E52D7A6D-6BE2-42B0-8ECF-CDA2EDB4E506}.Debug|Any CPU.Build.0 = Debug|Any CPU
		{E52D7A6D-6BE2-42B0-8ECF-CDA2EDB4E506}.Release|Any CPU.ActiveCfg = Release|Any CPU
		{E52D7A6D-6BE2-42B0-8ECF-CDA2EDB4E506}.Release|Any CPU.Build.0 = Release|Any CPU
		{69926582-1F7A-47D4-874F-D91902D19017}.Debug|Any CPU.ActiveCfg = Debug|Any CPU
		{69926582-1F7A-47D4-874F-D91902D19017}.Debug|Any CPU.Build.0 = Debug|Any CPU
		{69926582-1F7A-47D4-874F-D91902D19017}.Release|Any CPU.ActiveCfg = Release|Any CPU
		{69926582-1F7A-47D4-874F-D91902D19017}.Release|Any CPU.Build.0 = Release|Any CPU
	EndGlobalSection
	GlobalSection(SolutionProperties) = preSolution
		HideSolutionNode = FALSE
	EndGlobalSection
	GlobalSection(NestedProjects) = preSolution
		{9D5CE463-0DD0-42A3-963B-AA23E51B061B} = {D9478028-8155-485C-8480-A5601366A718}
		{8FB53517-6F13-41AA-8924-E27CE74C6FD1} = {D9478028-8155-485C-8480-A5601366A718}
		{E4C68D5A-C858-44AF-AB7E-DD340C161660} = {0CF6FEE8-231E-4373-B710-A42662194923}
		{EA6D3936-E67B-4B88-A91E-25B077AA557D} = {D9478028-8155-485C-8480-A5601366A718}
		{58B7D3DE-A7BC-469B-9CE2-F86444F99523} = {D9478028-8155-485C-8480-A5601366A718}
		{5A9B1E5C-D8EA-4A7A-A69B-2C4D61701909} = {D9478028-8155-485C-8480-A5601366A718}
		{DA05F608-CCC1-4901-A077-85C04B872E78} = {D9478028-8155-485C-8480-A5601366A718}
		{B510919D-5309-42ED-9C5D-21677A5D772F} = {A46E7DCF-7FEA-4A55-8873-7360F2B5BA71}
		{2FF91716-906F-46A3-8384-AA8473F37917} = {D9478028-8155-485C-8480-A5601366A718}
		{E52D7A6D-6BE2-42B0-8ECF-CDA2EDB4E506} = {0CF6FEE8-231E-4373-B710-A42662194923}
		{69926582-1F7A-47D4-874F-D91902D19017} = {0CF6FEE8-231E-4373-B710-A42662194923}
	EndGlobalSection
	GlobalSection(ExtensibilityGlobals) = postSolution
		SolutionGuid = {2C3D3E04-4641-4275-9D9E-4D9CAB58C3E4}
	EndGlobalSection
EndGlobal
